// !$*UTF8*$!
{
	archiveVersion = 1;
	classes = {
	};
	objectVersion = 46;
	objects = {

/* Begin PBXBuildFile section */
		34896F731A01FAF00056D353 /* main.m in Sources */ = {isa = PBXBuildFile; fileRef = 34896F721A01FAF00056D353 /* main.m */; };
		34896F751A01FB080056D353 /* README.md in Sources */ = {isa = PBXBuildFile; fileRef = 34896F741A01FB080056D353 /* README.md */; };
/* End PBXBuildFile section */

/* Begin PBXCopyFilesBuildPhase section */
		34B154891A01BCAB007920BB /* CopyFiles */ = {
			isa = PBXCopyFilesBuildPhase;
			buildActionMask = 2147483647;
			dstPath = /usr/share/man/man1;
			dstSubfolderSpec = 0;
			files = (
			);
			runOnlyForDeploymentPostprocessing = 1;
		};
/* End PBXCopyFilesBuildPhase section */

/* Begin PBXFileReference section */
		34896F721A01FAF00056D353 /* main.m */ = {isa = PBXFileReference; fileEncoding = 4; lastKnownFileType = sourcecode.c.objc; path = main.m; sourceTree = "<group>"; };
		34896F741A01FB080056D353 /* README.md */ = {isa = PBXFileReference; fileEncoding = 4; lastKnownFileType = net.daringfireball.markdown; path = README.md; sourceTree = "<group>"; };
		34B1548B1A01BCAB007920BB /* mysides */ = {isa = PBXFileReference; explicitFileType = "compiled.mach-o.executable"; includeInIndex = 0; path = mysides; sourceTree = BUILT_PRODUCTS_DIR; };
/* End PBXFileReference section */

/* Begin PBXFrameworksBuildPhase section */
		34B154881A01BCAB007920BB /* Frameworks */ = {
			isa = PBXFrameworksBuildPhase;
			buildActionMask = 2147483647;
			files = (
			);
			runOnlyForDeploymentPostprocessing = 0;
		};
/* End PBXFrameworksBuildPhase section */

/* Begin PBXGroup section */
		34896F711A01FAF00056D353 /* src */ = {
			isa = PBXGroup;
			children = (
				34896F721A01FAF00056D353 /* main.m */,
			);
			path = src;
			sourceTree = "<group>";
		};
		34B154821A01BCAB007920BB = {
			isa = PBXGroup;
			children = (
				34896F741A01FB080056D353 /* README.md */,
				34896F711A01FAF00056D353 /* src */,
				34B1548C1A01BCAB007920BB /* Products */,
			);
			sourceTree = "<group>";
		};
		34B1548C1A01BCAB007920BB /* Products */ = {
			isa = PBXGroup;
			children = (
				34B1548B1A01BCAB007920BB /* mysides */,
			);
			name = Products;
			sourceTree = "<group>";
		};
/* End PBXGroup section */

/* Begin PBXNativeTarget section */
		34B1548A1A01BCAB007920BB /* mysides */ = {
			isa = PBXNativeTarget;
			buildConfigurationList = 34B154921A01BCAB007920BB /* Build configuration list for PBXNativeTarget "mysides" */;
			buildPhases = (
				34B154871A01BCAB007920BB /* Sources */,
				34B154881A01BCAB007920BB /* Frameworks */,
				34B154891A01BCAB007920BB /* CopyFiles */,
			);
			buildRules = (
			);
			dependencies = (
			);
			name = mysides;
			productName = sidebar;
			productReference = 34B1548B1A01BCAB007920BB /* mysides */;
			productType = "com.apple.product-type.tool";
		};
/* End PBXNativeTarget section */

/* Begin PBXProject section */
		34B154831A01BCAB007920BB /* Project object */ = {
			isa = PBXProject;
			attributes = {
				LastUpgradeCheck = 0610;
				ORGANIZATIONNAME = com.github.mosen;
				TargetAttributes = {
					34B1548A1A01BCAB007920BB = {
						CreatedOnToolsVersion = 6.1;
					};
				};
			};
			buildConfigurationList = 34B154861A01BCAB007920BB /* Build configuration list for PBXProject "mysides" */;
			compatibilityVersion = "Xcode 3.2";
			developmentRegion = English;
			hasScannedForEncodings = 0;
			knownRegions = (
				en,
			);
			mainGroup = 34B154821A01BCAB007920BB;
			productRefGroup = 34B1548C1A01BCAB007920BB /* Products */;
			projectDirPath = "";
			projectRoot = "";
			targets = (
				34B1548A1A01BCAB007920BB /* mysides */,
			);
		};
/* End PBXProject section */

/* Begin PBXSourcesBuildPhase section */
		34B154871A01BCAB007920BB /* Sources */ = {
			isa = PBXSourcesBuildPhase;
			buildActionMask = 2147483647;
			files = (
				34896F751A01FB080056D353 /* README.md in Sources */,
				34896F731A01FAF00056D353 /* main.m in Sources */,
			);
			runOnlyForDeploymentPostprocessing = 0;
		};
/* End PBXSourcesBuildPhase section */

/* Begin XCBuildConfiguration section */
		34B154901A01BCAB007920BB /* Debug */ = {
			isa = XCBuildConfiguration;
			buildSettings = {
				ALWAYS_SEARCH_USER_PATHS = NO;
				CLANG_CXX_LANGUAGE_STANDARD = "gnu++0x";
				CLANG_CXX_LIBRARY = "libc++";
				CLANG_ENABLE_MODULES = YES;
				CLANG_ENABLE_OBJC_ARC = YES;
				CLANG_WARN_BOOL_CONVERSION = YES;
				CLANG_WARN_CONSTANT_CONVERSION = YES;
				CLANG_WARN_DIRECT_OBJC_ISA_USAGE = YES_ERROR;
				CLANG_WARN_EMPTY_BODY = YES;
				CLANG_WARN_ENUM_CONVERSION = YES;
				CLANG_WARN_INT_CONVERSION = YES;
				CLANG_WARN_OBJC_ROOT_CLASS = YES_ERROR;
				CLANG_WARN_UNREACHABLE_CODE = YES;
				CLANG_WARN__DUPLICATE_METHOD_MATCH = YES;
				COPY_PHASE_STRIP = NO;
				ENABLE_STRICT_OBJC_MSGSEND = YES;
				GCC_C_LANGUAGE_STANDARD = gnu99;
				GCC_DYNAMIC_NO_PIC = NO;
				GCC_OPTIMIZATION_LEVEL = 0;
				GCC_PREPROCESSOR_DEFINITIONS = (
					"DEBUG=1",
					"$(inherited)",
				);
				GCC_SYMBOLS_PRIVATE_EXTERN = NO;
				GCC_WARN_64_TO_32_BIT_CONVERSION = YES;
				GCC_WARN_ABOUT_RETURN_TYPE = YES_ERROR;
				GCC_WARN_UNDECLARED_SELECTOR = YES;
				GCC_WARN_UNINITIALIZED_AUTOS = YES_AGGRESSIVE;
				GCC_WARN_UNUSED_FUNCTION = YES;
				GCC_WARN_UNUSED_VARIABLE = YES;
				MACOSX_DEPLOYMENT_TARGET = 10.9;
				MTL_ENABLE_DEBUG_INFO = YES;
				ONLY_ACTIVE_ARCH = YES;
				SDKROOT = macosx;
			};
			name = Debug;
		};
		34B154911A01BCAB007920BB /* Release */ = {
			isa = XCBuildConfiguration;
			buildSettings = {
				ALWAYS_SEARCH_USER_PATHS = NO;
				CLANG_CXX_LANGUAGE_STANDARD = "gnu++0x";
				CLANG_CXX_LIBRARY = "libc++";
				CLANG_ENABLE_MODULES = YES;
				CLANG_ENABLE_OBJC_ARC = YES;
				CLANG_WARN_BOOL_CONVERSION = YES;
				CLANG_WARN_CONSTANT_CONVERSION = YES;
				CLANG_WARN_DIRECT_OBJC_ISA_USAGE = YES_ERROR;
				CLANG_WARN_EMPTY_BODY = YES;
				CLANG_WARN_ENUM_CONVERSION = YES;
				CLANG_WARN_INT_CONVERSION = YES;
				CLANG_WARN_OBJC_ROOT_CLASS = YES_ERROR;
				CLANG_WARN_UNREACHABLE_CODE = YES;
				CLANG_WARN__DUPLICATE_METHOD_MATCH = YES;
				COPY_PHASE_STRIP = YES;
				DEBUG_INFORMATION_FORMAT = "dwarf-with-dsym";
				ENABLE_NS_ASSERTIONS = NO;
				ENABLE_STRICT_OBJC_MSGSEND = YES;
				GCC_C_LANGUAGE_STANDARD = gnu99;
				GCC_WARN_64_TO_32_BIT_CONVERSION = YES;
				GCC_WARN_ABOUT_RETURN_TYPE = YES_ERROR;
				GCC_WARN_UNDECLARED_SELECTOR = YES;
				GCC_WARN_UNINITIALIZED_AUTOS = YES_AGGRESSIVE;
				GCC_WARN_UNUSED_FUNCTION = YES;
				GCC_WARN_UNUSED_VARIABLE = YES;
				MACOSX_DEPLOYMENT_TARGET = 10.9;
				MTL_ENABLE_DEBUG_INFO = NO;
				SDKROOT = macosx;
			};
			name = Release;
		};
		34B154931A01BCAB007920BB /* Debug */ = {
			isa = XCBuildConfiguration;
			buildSettings = {
				PRODUCT_NAME = mysides;
				SDKROOT = macosx10.9;
			};
			name = Debug;
		};
		34B154941A01BCAB007920BB /* Release */ = {
			isa = XCBuildConfiguration;
			buildSettings = {
				PRODUCT_NAME = mysides;
				SDKROOT = macosx10.9;
			};
			name = Release;
		};
/* End XCBuildConfiguration section */

/* Begin XCConfigurationList section */
		34B154861A01BCAB007920BB /* Build configuration list for PBXProject "mysides" */ = {
			isa = XCConfigurationList;
			buildConfigurations = (
				34B154901A01BCAB007920BB /* Debug */,
				34B154911A01BCAB007920BB /* Release */,
			);
			defaultConfigurationIsVisible = 0;
			defaultConfigurationName = Release;
		};
		34B154921A01BCAB007920BB /* Build configuration list for PBXNativeTarget "mysides" */ = {
			isa = XCConfigurationList;
			buildConfigurations = (
				34B154931A01BCAB007920BB /* Debug */,
				34B154941A01BCAB007920BB /* Release */,
			);
			defaultConfigurationIsVisible = 0;
			defaultConfigurationName = Release;
		};
/* End XCConfigurationList section */
	};
	rootObject = 34B154831A01BCAB007920BB /* Project object */;
}
